
Microsoft Visual Studio Solution File, Format Version 11.00
# Visual Studio 2010
Project("{FAE04EC0-301F-11D3-BF4B-00C04F79EFBC}") = "HDMIOverIPApp", "HDMIOverIPApp\HDMIOverIPApp.csproj", "{26376D5E-CBAB-4625-9C85-E6995B872858}"
EndProject
Project("{FAE04EC0-301F-11D3-BF4B-00C04F79EFBC}") = "HDMIOverIPApp.diagnostics.trace", "HDMIOverIPApp.diagnostics.trace\HDMIOverIPApp.diagnostics.trace.csproj", "{B904EA5F-9E15-488E-849A-942A80E53438}"
EndProject
Project("{FAE04EC0-301F-11D3-BF4B-00C04F79EFBC}") = "HDMIOverIPApp.communication.net", "HDMIOverIPApp.communication.net\HDMIOverIPApp.communication.net.csproj", "{166C58C0-2F58-4AC1-BF44-ACD6571E729C}"
EndProject
Global
	GlobalSection(SolutionConfigurationPlatforms) = preSolution
		Debug|Any CPU = Debug|Any CPU
		Debug|Mixed Platforms = Debug|Mixed Platforms
		Debug|x86 = Debug|x86
		Release|Any CPU = Release|Any CPU
		Release|Mixed Platforms = Release|Mixed Platforms
		Release|x86 = Release|x86
	EndGlobalSection
	GlobalSection(ProjectConfigurationPlatforms) = postSolution
		{26376D5E-CBAB-4625-9C85-E6995B872858}.Debug|Any CPU.ActiveCfg = Debug|x86
		{26376D5E-CBAB-4625-9C85-E6995B872858}.Debug|Mixed Platforms.ActiveCfg = Debug|x86
		{26376D5E-CBAB-4625-9C85-E6995B872858}.Debug|Mixed Platforms.Build.0 = Debug|x86
		{26376D5E-CBAB-4625-9C85-E6995B872858}.Debug|x86.ActiveCfg = Debug|x86
		{26376D5E-CBAB-4625-9C85-E6995B872858}.Debug|x86.Build.0 = Debug|x86
		{26376D5E-CBAB-4625-9C85-E6995B872858}.Release|Any CPU.ActiveCfg = Release|x86
		{26376D5E-CBAB-4625-9C85-E6995B872858}.Release|Mixed Platforms.ActiveCfg = Release|x86
		{26376D5E-CBAB-4625-9C85-E6995B872858}.Release|Mixed Platforms.Build.0 = Release|x86
		{26376D5E-CBAB-4625-9C85-E6995B872858}.Release|x86.ActiveCfg = Release|x86
		{26376D5E-CBAB-4625-9C85-E6995B872858}.Release|x86.Build.0 = Release|x86
		{B904EA5F-9E15-488E-849A-942A80E53438}.Debug|Any CPU.ActiveCfg = Debug|Any CPU
		{B904EA5F-9E15-488E-849A-942A80E53438}.Debug|Any CPU.Build.0 = Debug|Any CPU
		{B904EA5F-9E15-488E-849A-942A80E53438}.Debug|Mixed Platforms.ActiveCfg = Debug|Any CPU
		{B904EA5F-9E15-488E-849A-942A80E53438}.Debug|Mixed Platforms.Build.0 = Debug|Any CPU
		{B904EA5F-9E15-488E-849A-942A80E53438}.Debug|x86.ActiveCfg = Debug|Any CPU
		{B904EA5F-9E15-488E-849A-942A80E53438}.Release|Any CPU.ActiveCfg = Release|Any CPU
		{B904EA5F-9E15-488E-849A-942A80E53438}.Release|Any CPU.Build.0 = Release|Any CPU
		{B904EA5F-9E15-488E-849A-942A80E53438}.Release|Mixed Platforms.ActiveCfg = Release|Any CPU
		{B904EA5F-9E15-488E-849A-942A80E53438}.Release|Mixed Platforms.Build.0 = Release|Any CPU
		{B904EA5F-9E15-488E-849A-942A80E53438}.Release|x86.ActiveCfg = Release|Any CPU
		{166C58C0-2F58-4AC1-BF44-ACD6571E729C}.Debug|Any CPU.ActiveCfg = Debug|Any CPU
		{166C58C0-2F58-4AC1-BF44-ACD6571E729C}.Debug|Any CPU.Build.0 = Debug|Any CPU
		{166C58C0-2F58-4AC1-BF44-ACD6571E729C}.Debug|Mixed Platforms.ActiveCfg = Debug|Any CPU
		{166C58C0-2F58-4AC1-BF44-ACD6571E729C}.Debug|Mixed Platforms.Build.0 = Debug|Any CPU
		{166C58C0-2F58-4AC1-BF44-ACD6571E729C}.Debug|x86.ActiveCfg = Debug|Any CPU
		{166C58C0-2F58-4AC1-BF44-ACD6571E729C}.Release|Any CPU.ActiveCfg = Release|Any CPU
		{166C58C0-2F58-4AC1-BF44-ACD6571E729C}.Release|Any CPU.Build.0 = Release|Any CPU
		{166C58C0-2F58-4AC1-BF44-ACD6571E729C}.Release|Mixed Platforms.ActiveCfg = Release|Any CPU
		{166C58C0-2F58-4AC1-BF44-ACD6571E729C}.Release|Mixed Platforms.Build.0 = Release|Any CPU
		{166C58C0-2F58-4AC1-BF44-ACD6571E729C}.Release|x86.ActiveCfg = Release|Any CPU
	EndGlobalSection
	GlobalSection(SolutionProperties) = preSolution
		HideSolutionNode = FALSE
	EndGlobalSection
EndGlobal
